
Microsoft Visual Studio Solution File, Format Version 12.00
# Visual Studio Version 17
VisualStudioVersion = 17.5.002.0
MinimumVisualStudioVersion = 10.0.40219.1
Project("{9A19103F-16F7-4668-BE54-9A1E7A4F7556}") = "ExemploExplorando", "ExemploExplorando.csproj", "{53339A97-DB44-4455-89FF-027629652A85}"
EndProject
Global
	GlobalSection(SolutionConfigurationPlatforms) = preSolution
		Debug|Any CPU = Debug|Any CPU
		Release|Any CPU = Release|Any CPU
	EndGlobalSection
	GlobalSection(ProjectConfigurationPlatforms) = postSolution
		{53339A97-DB44-4455-89FF-027629652A85}.Debug|Any CPU.ActiveCfg = Debug|Any CPU
		{53339A97-DB44-4455-89FF-027629652A85}.Debug|Any CPU.Build.0 = Debug|Any CPU
		{53339A97-DB44-4455-89FF-027629652A85}.Release|Any CPU.ActiveCfg = Release|Any CPU
		{53339A97-DB44-4455-89FF-027629652A85}.Release|Any CPU.Build.0 = Release|Any CPU
	EndGlobalSection
	GlobalSection(SolutionProperties) = preSolution
		HideSolutionNode = FALSE
	EndGlobalSection
	GlobalSection(ExtensibilityGlobals) = postSolution
		SolutionGuid = {3CBB94D3-F24A-4E54-A33C-9A68CE9F0E1D}
	EndGlobalSection
EndGlobal
